Microsoft Visual Studio Solution File, Format Version 12.00
# Visual Studio Version 17
VisualStudioVersion = 17.5.2.0
MinimumVisualStudioVersion = 10.0.40219.1
Project("{FAE04EC0-301F-11D3-BF4B-00C04F79EFBC}") = "C#WebApplication", "C#WebApplication.csproj", "{FB5945FA-CF99-781B-17EF-5E049C498879}"
EndProject
Global
	GlobalSection(SolutionConfigurationPlatforms) = preSolution
		Debug|Any CPU = Debug|Any CPU
		Release|Any CPU = Release|Any CPU
	EndGlobalSection
	GlobalSection(ProjectConfigurationPlatforms) = postSolution
		{FB5945FA-CF99-781B-17EF-5E049C498879}.Debug|Any CPU.ActiveCfg = Debug|Any CPU
		{FB5945FA-CF99-781B-17EF-5E049C498879}.Debug|Any CPU.Build.0 = Debug|Any CPU
		{FB5945FA-CF99-781B-17EF-5E049C498879}.Release|Any CPU.ActiveCfg = Release|Any CPU
		{FB5945FA-CF99-781B-17EF-5E049C498879}.Release|Any CPU.Build.0 = Release|Any CPU
	EndGlobalSection
	GlobalSection(SolutionProperties) = preSolution
		HideSolutionNode = FALSE
	EndGlobalSection
	GlobalSection(ExtensibilityGlobals) = postSolution
		SolutionGuid = {C89B8A78-86C2-4AF1-9C09-B041F9C8C985}
	EndGlobalSection
EndGlobal
